
Microsoft Visual Studio Solution File, Format Version 12.00
# Visual Studio Version 16
VisualStudioVersion = 16.0.30711.63
MinimumVisualStudioVersion = 10.0.40219.1
Project("{FAE04EC0-301F-11D3-BF4B-00C04F79EFBC}") = "CRUDWithEF", "CRUDWithEF.csproj", "{4ACC0AE7-1D70-4981-9016-05FA7910496B}"
EndProject
Global
	GlobalSection(SolutionConfigurationPlatforms) = preSolution
		Debug|Any CPU = Debug|Any CPU
		Release|Any CPU = Release|Any CPU
	EndGlobalSection
	GlobalSection(ProjectConfigurationPlatforms) = postSolution
		{4ACC0AE7-1D70-4981-9016-05FA7910496B}.Debug|Any CPU.ActiveCfg = Debug|Any CPU
		{4ACC0AE7-1D70-4981-9016-05FA7910496B}.Debug|Any CPU.Build.0 = Debug|Any CPU
		{4ACC0AE7-1D70-4981-9016-05FA7910496B}.Release|Any CPU.ActiveCfg = Release|Any CPU
		{4ACC0AE7-1D70-4981-9016-05FA7910496B}.Release|Any CPU.Build.0 = Release|Any CPU
	EndGlobalSection
	GlobalSection(SolutionProperties) = preSolution
		HideSolutionNode = FALSE
	EndGlobalSection
	GlobalSection(ExtensibilityGlobals) = postSolution
		SolutionGuid = {E0E23D35-A27A-4EB3-B70D-82CCB61F445E}
	EndGlobalSection
EndGlobal
